
Microsoft Visual Studio Solution File, Format Version 12.00
# Visual Studio Version 17
VisualStudioVersion = 17.9.34723.18
MinimumVisualStudioVersion = 10.0.40219.1
Project("{9A19103F-16F7-4668-BE54-9A1E7A4F7556}") = "TTMDotNetCore.ConsoleApp", "TTMDotNetCore.ConsoleApp\TTMDotNetCore.ConsoleApp.csproj", "{FDCBA2A8-6C7F-4C05-8707-A182FD988487}"
EndProject
Project("{9A19103F-16F7-4668-BE54-9A1E7A4F7556}") = "TTMDotNetCore.RestApi", "TTMDotNetCore.RestApi\TTMDotNetCore.RestApi.csproj", "{FFB0D894-DE37-4BFF-8635-63040B8FC191}"
EndProject
Project("{9A19103F-16F7-4668-BE54-9A1E7A4F7556}") = "TTMDotNetCore.Shared", "TTMDotNetCore.Shared\TTMDotNetCore.Shared.csproj", "{7BBDEF57-A198-401D-867F-C454AF342181}"
EndProject
Project("{9A19103F-16F7-4668-BE54-9A1E7A4F7556}") = "TTMDotNetCore.RestApiWithNLayer", "TTMDotNetCore.RestApiWithNLayer\TTMDotNetCore.RestApiWithNLayer.csproj", "{4C4ADBDC-F66B-4F1C-8DC2-6C107524ED08}"
EndProject
Project("{9A19103F-16F7-4668-BE54-9A1E7A4F7556}") = "TTMDotNetCore.ConsoleAppHttpClient", "TTMDotNetCore.ConsoleAppHttpClient\TTMDotNetCore.ConsoleAppHttpClient.csproj", "{AD5E72C5-2560-40EE-AFB4-14942ABA7745}"
EndProject
Project("{FAE04EC0-301F-11D3-BF4B-00C04F79EFBC}") = "TTMDotNetCore.ConsoleAppHttpClientExamples", "TTMDotNetCore.ConsoleAppHttpClientExamples\TTMDotNetCore.ConsoleAppHttpClientExamples.csproj", "{AC85F112-5957-4B68-8099-2F951BB2467E}"
EndProject
Project("{FAE04EC0-301F-11D3-BF4B-00C04F79EFBC}") = "TTMDotNetCore.ConsoleAppRestClientExample", "TTMDotNetCore.ConsoleAppRestClientExample\TTMDotNetCore.ConsoleAppRestClientExample.csproj", "{8BC3B072-5D40-47B0-BF41-DC145416863E}"
EndProject
Project("{FAE04EC0-301F-11D3-BF4B-00C04F79EFBC}") = "TTMDotNetCore.PizzaApi", "TTMDotNetCore.PizzaApi\TTMDotNetCore.PizzaApi.csproj", "{CC54D7CC-61CE-4C1F-ADC0-11B9CB0DA70F}"
EndProject
Global
	GlobalSection(SolutionConfigurationPlatforms) = preSolution
		Debug|Any CPU = Debug|Any CPU
		Release|Any CPU = Release|Any CPU
	EndGlobalSection
	GlobalSection(ProjectConfigurationPlatforms) = postSolution
		{FDCBA2A8-6C7F-4C05-8707-A182FD988487}.Debug|Any CPU.ActiveCfg = Debug|Any CPU
		{FDCBA2A8-6C7F-4C05-8707-A182FD988487}.Debug|Any CPU.Build.0 = Debug|Any CPU
		{FDCBA2A8-6C7F-4C05-8707-A182FD988487}.Release|Any CPU.ActiveCfg = Release|Any CPU
		{FDCBA2A8-6C7F-4C05-8707-A182FD988487}.Release|Any CPU.Build.0 = Release|Any CPU
		{FFB0D894-DE37-4BFF-8635-63040B8FC191}.Debug|Any CPU.ActiveCfg = Debug|Any CPU
		{FFB0D894-DE37-4BFF-8635-63040B8FC191}.Debug|Any CPU.Build.0 = Debug|Any CPU
		{FFB0D894-DE37-4BFF-8635-63040B8FC191}.Release|Any CPU.ActiveCfg = Release|Any CPU
		{FFB0D894-DE37-4BFF-8635-63040B8FC191}.Release|Any CPU.Build.0 = Release|Any CPU
		{7BBDEF57-A198-401D-867F-C454AF342181}.Debug|Any CPU.ActiveCfg = Debug|Any CPU
		{7BBDEF57-A198-401D-867F-C454AF342181}.Debug|Any CPU.Build.0 = Debug|Any CPU
		{7BBDEF57-A198-401D-867F-C454AF342181}.Release|Any CPU.ActiveCfg = Release|Any CPU
		{7BBDEF57-A198-401D-867F-C454AF342181}.Release|Any CPU.Build.0 = Release|Any CPU
		{4C4ADBDC-F66B-4F1C-8DC2-6C107524ED08}.Debug|Any CPU.ActiveCfg = Debug|Any CPU
		{4C4ADBDC-F66B-4F1C-8DC2-6C107524ED08}.Debug|Any CPU.Build.0 = Debug|Any CPU
		{4C4ADBDC-F66B-4F1C-8DC2-6C107524ED08}.Release|Any CPU.ActiveCfg = Release|Any CPU
		{4C4ADBDC-F66B-4F1C-8DC2-6C107524ED08}.Release|Any CPU.Build.0 = Release|Any CPU
		{AD5E72C5-2560-40EE-AFB4-14942ABA7745}.Debug|Any CPU.ActiveCfg = Debug|Any CPU
		{AD5E72C5-2560-40EE-AFB4-14942ABA7745}.Debug|Any CPU.Build.0 = Debug|Any CPU
		{AD5E72C5-2560-40EE-AFB4-14942ABA7745}.Release|Any CPU.ActiveCfg = Release|Any CPU
		{AD5E72C5-2560-40EE-AFB4-14942ABA7745}.Release|Any CPU.Build.0 = Release|Any CPU
		{AC85F112-5957-4B68-8099-2F951BB2467E}.Debug|Any CPU.ActiveCfg = Debug|Any CPU
		{AC85F112-5957-4B68-8099-2F951BB2467E}.Debug|Any CPU.Build.0 = Debug|Any CPU
		{AC85F112-5957-4B68-8099-2F951BB2467E}.Release|Any CPU.ActiveCfg = Release|Any CPU
		{AC85F112-5957-4B68-8099-2F951BB2467E}.Release|Any CPU.Build.0 = Release|Any CPU
		{8BC3B072-5D40-47B0-BF41-DC145416863E}.Debug|Any CPU.ActiveCfg = Debug|Any CPU
		{8BC3B072-5D40-47B0-BF41-DC145416863E}.Debug|Any CPU.Build.0 = Debug|Any CPU
		{8BC3B072-5D40-47B0-BF41-DC145416863E}.Release|Any CPU.ActiveCfg = Release|Any CPU
		{8BC3B072-5D40-47B0-BF41-DC145416863E}.Release|Any CPU.Build.0 = Release|Any CPU
		{CC54D7CC-61CE-4C1F-ADC0-11B9CB0DA70F}.Debug|Any CPU.ActiveCfg = Debug|Any CPU
		{CC54D7CC-61CE-4C1F-ADC0-11B9CB0DA70F}.Debug|Any CPU.Build.0 = Debug|Any CPU
		{CC54D7CC-61CE-4C1F-ADC0-11B9CB0DA70F}.Release|Any CPU.ActiveCfg = Release|Any CPU
		{CC54D7CC-61CE-4C1F-ADC0-11B9CB0DA70F}.Release|Any CPU.Build.0 = Release|Any CPU
	EndGlobalSection
	GlobalSection(SolutionProperties) = preSolution
		HideSolutionNode = FALSE
	EndGlobalSection
	GlobalSection(ExtensibilityGlobals) = postSolution
		SolutionGuid = {F9FB7176-2BD3-4CB2-9F64-576A450805D5}
	EndGlobalSection
EndGlobal
